
Microsoft Visual Studio Solution File, Format Version 12.00
# Visual Studio Version 16
VisualStudioVersion = 16.0.31829.152
MinimumVisualStudioVersion = 10.0.40219.1
Project("{9A19103F-16F7-4668-BE54-9A1E7A4F7556}") = "ContactAgenda", "ContactAgenda\ContactAgenda.csproj", "{A2A63F29-1E37-4177-AD57-4EFC15299FF8}"
EndProject
Project("{FAE04EC0-301F-11D3-BF4B-00C04F79EFBC}") = "BusinessLayer", "BusinessLayer\BusinessLayer.csproj", "{75479CCA-89DA-4867-81BB-027A4658C241}"
EndProject
Project("{FAE04EC0-301F-11D3-BF4B-00C04F79EFBC}") = "Database", "Database\Database.csproj", "{BD76A498-C6E2-4E6C-8634-C992CE1BA5FF}"
EndProject
Global
	GlobalSection(SolutionConfigurationPlatforms) = preSolution
		Debug|Any CPU = Debug|Any CPU
		Release|Any CPU = Release|Any CPU
	EndGlobalSection
	GlobalSection(ProjectConfigurationPlatforms) = postSolution
		{A2A63F29-1E37-4177-AD57-4EFC15299FF8}.Debug|Any CPU.ActiveCfg = Debug|Any CPU
		{A2A63F29-1E37-4177-AD57-4EFC15299FF8}.Debug|Any CPU.Build.0 = Debug|Any CPU
		{A2A63F29-1E37-4177-AD57-4EFC15299FF8}.Release|Any CPU.ActiveCfg = Release|Any CPU
		{A2A63F29-1E37-4177-AD57-4EFC15299FF8}.Release|Any CPU.Build.0 = Release|Any CPU
		{75479CCA-89DA-4867-81BB-027A4658C241}.Debug|Any CPU.ActiveCfg = Debug|Any CPU
		{75479CCA-89DA-4867-81BB-027A4658C241}.Debug|Any CPU.Build.0 = Debug|Any CPU
		{75479CCA-89DA-4867-81BB-027A4658C241}.Release|Any CPU.ActiveCfg = Release|Any CPU
		{75479CCA-89DA-4867-81BB-027A4658C241}.Release|Any CPU.Build.0 = Release|Any CPU
		{BD76A498-C6E2-4E6C-8634-C992CE1BA5FF}.Debug|Any CPU.ActiveCfg = Debug|Any CPU
		{BD76A498-C6E2-4E6C-8634-C992CE1BA5FF}.Debug|Any CPU.Build.0 = Debug|Any CPU
		{BD76A498-C6E2-4E6C-8634-C992CE1BA5FF}.Release|Any CPU.ActiveCfg = Release|Any CPU
		{BD76A498-C6E2-4E6C-8634-C992CE1BA5FF}.Release|Any CPU.Build.0 = Release|Any CPU
	EndGlobalSection
	GlobalSection(SolutionProperties) = preSolution
		HideSolutionNode = FALSE
	EndGlobalSection
	GlobalSection(ExtensibilityGlobals) = postSolution
		SolutionGuid = {C6A7BADC-5D86-474D-9142-907EB8676DDB}
	EndGlobalSection
EndGlobal
